
Microsoft Visual Studio Solution File, Format Version 12.00
# Visual Studio Version 16
VisualStudioVersion = 16.0.35425.106
MinimumVisualStudioVersion = 10.0.40219.1
Project("{FAE04EC0-301F-11D3-BF4B-00C04F79EFBC}") = "ScratchGenerator", "ScratchGenerator\ScratchGenerator.csproj", "{53480185-0425-4002-9F34-65294B6E6CC4}"
EndProject
Global
	GlobalSection(SolutionConfigurationPlatforms) = preSolution
		Debug|Any CPU = Debug|Any CPU
		Release|Any CPU = Release|Any CPU
	EndGlobalSection
	GlobalSection(ProjectConfigurationPlatforms) = postSolution
		{53480185-0425-4002-9F34-65294B6E6CC4}.Debug|Any CPU.ActiveCfg = Debug|Any CPU
		{53480185-0425-4002-9F34-65294B6E6CC4}.Debug|Any CPU.Build.0 = Debug|Any CPU
		{53480185-0425-4002-9F34-65294B6E6CC4}.Release|Any CPU.ActiveCfg = Release|Any CPU
		{53480185-0425-4002-9F34-65294B6E6CC4}.Release|Any CPU.Build.0 = Release|Any CPU
	EndGlobalSection
	GlobalSection(SolutionProperties) = preSolution
		HideSolutionNode = FALSE
	EndGlobalSection
	GlobalSection(ExtensibilityGlobals) = postSolution
		SolutionGuid = {878E1729-30F1-4F9B-A817-C2BF3FBEAA85}
	EndGlobalSection
EndGlobal
